
Microsoft Visual Studio Solution File, Format Version 12.00
# Visual Studio Version 17
VisualStudioVersion = 17.2.32519.379
MinimumVisualStudioVersion = 10.0.40219.1
Project("{9A19103F-16F7-4668-BE54-9A1E7A4F7556}") = "ricaun.Nuke", "ricaun.Nuke\ricaun.Nuke.csproj", "{F1CF4177-489D-466B-8D26-10C505372F5E}"
EndProject
Project("{9A19103F-16F7-4668-BE54-9A1E7A4F7556}") = "Build", "Build\Build.csproj", "{BA6C8C29-3519-49C7-9C66-334A7FA69ED6}"
EndProject
Project("{2150E333-8FDC-42A3-9474-1A3956D46DE8}") = "Solution", "Solution", "{4EED1749-7A3F-47C6-8361-F4E45A143AFA}"
	ProjectSection(SolutionItems) = preProject
		CHANGELOG.md = CHANGELOG.md
		README.md = README.md
	EndProjectSection
EndProject
Project("{9A19103F-16F7-4668-BE54-9A1E7A4F7556}") = "ricaun.Nuke.Example", "ricaun.Nuke.Examples\ricaun.Nuke.Example.csproj", "{027171E5-2FB6-4A4C-A8DE-F3E148B47FFB}"
EndProject
Project("{9A19103F-16F7-4668-BE54-9A1E7A4F7556}") = "ricaun.Nuke.RevitAddin.Example", "ricaun.Nuke.RevitAddin.Example\ricaun.Nuke.RevitAddin.Example.csproj", "{A030741A-2FD6-48C3-9F92-3AB9F35DD17A}"
EndProject
Project("{FAE04EC0-301F-11D3-BF4B-00C04F79EFBC}") = "ricaun.Nuke.Example.Tests", "ricaun.Nuke.Example.Tests\ricaun.Nuke.Example.Tests.csproj", "{36867697-93A0-4F07-AA4D-78FD70985EDE}"
EndProject
Global
	GlobalSection(SolutionConfigurationPlatforms) = preSolution
		Debug|Any CPU = Debug|Any CPU
		Release|Any CPU = Release|Any CPU
	EndGlobalSection
	GlobalSection(ProjectConfigurationPlatforms) = postSolution
		{F1CF4177-489D-466B-8D26-10C505372F5E}.Debug|Any CPU.ActiveCfg = Debug|Any CPU
		{F1CF4177-489D-466B-8D26-10C505372F5E}.Debug|Any CPU.Build.0 = Debug|Any CPU
		{F1CF4177-489D-466B-8D26-10C505372F5E}.Release|Any CPU.ActiveCfg = Release|Any CPU
		{F1CF4177-489D-466B-8D26-10C505372F5E}.Release|Any CPU.Build.0 = Release|Any CPU
		{BA6C8C29-3519-49C7-9C66-334A7FA69ED6}.Debug|Any CPU.ActiveCfg = Debug|Any CPU
		{BA6C8C29-3519-49C7-9C66-334A7FA69ED6}.Debug|Any CPU.Build.0 = Debug|Any CPU
		{BA6C8C29-3519-49C7-9C66-334A7FA69ED6}.Release|Any CPU.ActiveCfg = Release|Any CPU
		{BA6C8C29-3519-49C7-9C66-334A7FA69ED6}.Release|Any CPU.Build.0 = Release|Any CPU
		{027171E5-2FB6-4A4C-A8DE-F3E148B47FFB}.Debug|Any CPU.ActiveCfg = Debug|Any CPU
		{027171E5-2FB6-4A4C-A8DE-F3E148B47FFB}.Debug|Any CPU.Build.0 = Debug|Any CPU
		{027171E5-2FB6-4A4C-A8DE-F3E148B47FFB}.Release|Any CPU.ActiveCfg = Release|Any CPU
		{027171E5-2FB6-4A4C-A8DE-F3E148B47FFB}.Release|Any CPU.Build.0 = Release|Any CPU
		{A030741A-2FD6-48C3-9F92-3AB9F35DD17A}.Debug|Any CPU.ActiveCfg = Debug|Any CPU
		{A030741A-2FD6-48C3-9F92-3AB9F35DD17A}.Debug|Any CPU.Build.0 = Debug|Any CPU
		{A030741A-2FD6-48C3-9F92-3AB9F35DD17A}.Release|Any CPU.ActiveCfg = Release|Any CPU
		{A030741A-2FD6-48C3-9F92-3AB9F35DD17A}.Release|Any CPU.Build.0 = Release|Any CPU
		{36867697-93A0-4F07-AA4D-78FD70985EDE}.Debug|Any CPU.ActiveCfg = Debug|Any CPU
		{36867697-93A0-4F07-AA4D-78FD70985EDE}.Debug|Any CPU.Build.0 = Debug|Any CPU
		{36867697-93A0-4F07-AA4D-78FD70985EDE}.Release|Any CPU.ActiveCfg = Release|Any CPU
		{36867697-93A0-4F07-AA4D-78FD70985EDE}.Release|Any CPU.Build.0 = Release|Any CPU
	EndGlobalSection
	GlobalSection(SolutionProperties) = preSolution
		HideSolutionNode = FALSE
	EndGlobalSection
	GlobalSection(ExtensibilityGlobals) = postSolution
		SolutionGuid = {5BEF182C-C416-4BB8-AD20-37E949775CF0}
	EndGlobalSection
EndGlobal
